<?xml version="1.0" encoding="utf-8"?>
<Project ToolsVersion="4.0" xmlns="http://schemas.microsoft.com/developer/msbuild/2003">
  <ItemGroup>
    <Filter Include="Source Files">
      <UniqueIdentifier>{4FC737F1-C7A5-4376-A066-2A32D752A2FF}</UniqueIdentifier>
      <Extensions>cpp;c;cc;cxx;c++;cppm;ixx;def;odl;idl;hpj;bat;asm;asmx</Extensions>
    </Filter>
    <Filter Include="Header Files">
      <UniqueIdentifier>{93995380-89BD-4b04-88EB-625FBE52EBFB}</UniqueIdentifier>
      <Extensions>h;hh;hpp;hxx;h++;hm;inl;inc;ipp;xsd</Extensions>
    </Filter>
    <Filter Include="Resource Files">
      <UniqueIdentifier>{67DA6AB6-F800-4c08-8B7A-83BB121AAD01}</UniqueIdentifier>
      <Extensions>rc;ico;cur;bmp;dlg;rc2;rct;bin;rgs;gif;jpg;jpeg;jpe;resx;tiff;tif;png;wav;mfcribbon-ms</Extensions>
    </Filter>
  </ItemGroup>
  <ItemGroup>
    <ClCompile Include="Zadania Maturalne.cpp">
      <Filter>Source Files</Filter>
    </ClCompile>
    <ClCompile Include="Algorytmy maturalne\Liczba_doskonała.cpp">
      <Filter>Source Files</Filter>
    </ClCompile>
    <ClCompile Include="Algorytmy maturalne\NWD_NWW.cpp">
      <Filter>Source Files</Filter>
    </ClCompile>
    <ClCompile Include="Algorytmy maturalne\Wzorce_w_tekscie.cpp">
      <Filter>Source Files</Filter>
    </ClCompile>
    <ClCompile Include="Algorytmy maturalne\Anagram.cpp">
      <Filter>Source Files</Filter>
    </ClCompile>
    <ClCompile Include="Algorytmy maturalne\Schemat _Hornera.cpp">
      <Filter>Source Files</Filter>
    </ClCompile>
    <ClCompile Include="Algorytmy maturalne\Silnia.cpp">
      <Filter>Source Files</Filter>
    </ClCompile>
    <ClCompile Include="Algorytmy maturalne\Wieża_Hanoi.cpp">
      <Filter>Source Files</Filter>
    </ClCompile>
    <ClCompile Include="Algorytmy maturalne\Liczba_pierwsza.cpp">
      <Filter>Source Files</Filter>
    </ClCompile>
    <ClCompile Include="Algorytmy maturalne\Palindrom.cpp">
      <Filter>Source Files</Filter>
    </ClCompile>
    <ClCompile Include="Algorytmy maturalne\Rozkład_liczby_na_czynniki_pierwsze.cpp">
      <Filter>Source Files</Filter>
    </ClCompile>
    <ClCompile Include="Algorytmy maturalne\Szybkie_potęgowanie.cpp">
      <Filter>Source Files</Filter>
    </ClCompile>
    <ClCompile Include="Algorytmy maturalne\Obracanie_macierzy.cpp">
      <Filter>Source Files</Filter>
    </ClCompile>
    <ClCompile Include="Algorytmy maturalne\Sito_Eratostenesa.cpp">
      <Filter>Source Files</Filter>
    </ClCompile>
    <ClCompile Include="Algorytmy maturalne\Ciąg_Fibonacciego.cpp">
      <Filter>Source Files</Filter>
    </ClCompile>
    <ClCompile Include="Algorytmy maturalne\Sortowanie_bąbelkowe.cpp">
      <Filter>Source Files</Filter>
    </ClCompile>
    <ClCompile Include="Algorytmy maturalne\Sortowanie_przez_wybieranie.cpp">
      <Filter>Source Files</Filter>
    </ClCompile>
    <ClCompile Include="Algorytmy maturalne\Sortowanie_kubełkowe.cpp">
      <Filter>Source Files</Filter>
    </ClCompile>
    <ClCompile Include="Algorytmy maturalne\Sortowanie_przez_scalanie.cpp">
      <Filter>Source Files</Filter>
    </ClCompile>
    <ClCompile Include="Algorytmy maturalne\Wydanie_reszty_metodą_zachłanną.cpp">
      <Filter>Source Files</Filter>
    </ClCompile>
  </ItemGroup>
</Project>